
Microsoft Visual Studio Solution File, Format Version 12.00
# Visual Studio Version 17
VisualStudioVersion = 17.12.35514.174 d17.12
MinimumVisualStudioVersion = 10.0.40219.1
Project("{54A90642-561A-4BB1-A94E-469ADEE60C69}") = "WorldCities", "WorldCities\WorldCities.esproj", "{395BC0F7-079E-4713-9A51-4420D95BD06E}"
EndProject
Project("{FAE04EC0-301F-11D3-BF4B-00C04F79EFBC}") = "WorldCitiesAPI", "WorldCitiesAPI\WorldCitiesAPI.csproj", "{46AE288C-6D92-4BE9-8FE3-1EA5923B0E9D}"
EndProject
Global
	GlobalSection(SolutionConfigurationPlatforms) = preSolution
		Debug|Any CPU = Debug|Any CPU
		Release|Any CPU = Release|Any CPU
	EndGlobalSection
	GlobalSection(ProjectConfigurationPlatforms) = postSolution
		{395BC0F7-079E-4713-9A51-4420D95BD06E}.Debug|Any CPU.ActiveCfg = Debug|Any CPU
		{395BC0F7-079E-4713-9A51-4420D95BD06E}.Debug|Any CPU.Build.0 = Debug|Any CPU
		{395BC0F7-079E-4713-9A51-4420D95BD06E}.Debug|Any CPU.Deploy.0 = Debug|Any CPU
		{395BC0F7-079E-4713-9A51-4420D95BD06E}.Release|Any CPU.ActiveCfg = Release|Any CPU
		{395BC0F7-079E-4713-9A51-4420D95BD06E}.Release|Any CPU.Build.0 = Release|Any CPU
		{395BC0F7-079E-4713-9A51-4420D95BD06E}.Release|Any CPU.Deploy.0 = Release|Any CPU
		{46AE288C-6D92-4BE9-8FE3-1EA5923B0E9D}.Debug|Any CPU.ActiveCfg = Debug|Any CPU
		{46AE288C-6D92-4BE9-8FE3-1EA5923B0E9D}.Debug|Any CPU.Build.0 = Debug|Any CPU
		{46AE288C-6D92-4BE9-8FE3-1EA5923B0E9D}.Release|Any CPU.ActiveCfg = Release|Any CPU
		{46AE288C-6D92-4BE9-8FE3-1EA5923B0E9D}.Release|Any CPU.Build.0 = Release|Any CPU
	EndGlobalSection
	GlobalSection(SolutionProperties) = preSolution
		HideSolutionNode = FALSE
	EndGlobalSection
EndGlobal
